
Microsoft Visual Studio Solution File, Format Version 12.00
# Visual Studio Version 17
VisualStudioVersion = 17.2.32519.379
MinimumVisualStudioVersion = 10.0.40219.1
Project("{FAE04EC0-301F-11D3-BF4B-00C04F79EFBC}") = "RouteAnalysis", "RouteAnalysis.csproj", "{FE474A6D-60A6-48DA-8308-8C6FE3C60879}"
EndProject
Global
	GlobalSection(SolutionConfigurationPlatforms) = preSolution
		Debug|Any CPU = Debug|Any CPU
		Release|Any CPU = Release|Any CPU
	EndGlobalSection
	GlobalSection(ProjectConfigurationPlatforms) = postSolution
		{FE474A6D-60A6-48DA-8308-8C6FE3C60879}.Debug|Any CPU.ActiveCfg = Debug|Any CPU
		{FE474A6D-60A6-48DA-8308-8C6FE3C60879}.Debug|Any CPU.Build.0 = Debug|Any CPU
		{FE474A6D-60A6-48DA-8308-8C6FE3C60879}.Release|Any CPU.ActiveCfg = Release|Any CPU
		{FE474A6D-60A6-48DA-8308-8C6FE3C60879}.Release|Any CPU.Build.0 = Release|Any CPU
	EndGlobalSection
	GlobalSection(SolutionProperties) = preSolution
		HideSolutionNode = FALSE
	EndGlobalSection
	GlobalSection(ExtensibilityGlobals) = postSolution
		SolutionGuid = {1D714510-3E6A-4079-9BD5-29C4F8C87014}
	EndGlobalSection
EndGlobal
